
Microsoft Visual Studio Solution File, Format Version 10.00
# Visual C++ Express 2008
Project("{8BC9CEB8-8B4A-11D0-8D11-00A0C91BC942}") = "Circle3", "Circle3\Circle3.vcproj", "{9D278B39-BF37-411B-800B-E74CE8F2F62E}"
EndProject
Global
	GlobalSection(SolutionConfigurationPlatforms) = preSolution
		Debug|Win32 = Debug|Win32
		Release|Win32 = Release|Win32
	EndGlobalSection
	GlobalSection(ProjectConfigurationPlatforms) = postSolution
		{9D278B39-BF37-411B-800B-E74CE8F2F62E}.Debug|Win32.ActiveCfg = Debug|Win32
		{9D278B39-BF37-411B-800B-E74CE8F2F62E}.Debug|Win32.Build.0 = Debug|Win32
		{9D278B39-BF37-411B-800B-E74CE8F2F62E}.Release|Win32.ActiveCfg = Release|Win32
		{9D278B39-BF37-411B-800B-E74CE8F2F62E}.Release|Win32.Build.0 = Release|Win32
	EndGlobalSection
	GlobalSection(SolutionProperties) = preSolution
		HideSolutionNode = FALSE
	EndGlobalSection
EndGlobal
